
Microsoft Visual Studio Solution File, Format Version 12.00
# Visual Studio Version 16
VisualStudioVersion = 16.0.31424.327
MinimumVisualStudioVersion = 10.0.40219.1
Project("{FAE04EC0-301F-11D3-BF4B-00C04F79EFBC}") = "CRUD_pedidos", "CRUD_pedidos\CRUD_pedidos.csproj", "{1DC74856-25E6-48DA-AA81-8954F2670F0D}"
EndProject
Global
	GlobalSection(SolutionConfigurationPlatforms) = preSolution
		Debug|Any CPU = Debug|Any CPU
		Release|Any CPU = Release|Any CPU
	EndGlobalSection
	GlobalSection(ProjectConfigurationPlatforms) = postSolution
		{1DC74856-25E6-48DA-AA81-8954F2670F0D}.Debug|Any CPU.ActiveCfg = Debug|Any CPU
		{1DC74856-25E6-48DA-AA81-8954F2670F0D}.Debug|Any CPU.Build.0 = Debug|Any CPU
		{1DC74856-25E6-48DA-AA81-8954F2670F0D}.Release|Any CPU.ActiveCfg = Release|Any CPU
		{1DC74856-25E6-48DA-AA81-8954F2670F0D}.Release|Any CPU.Build.0 = Release|Any CPU
	EndGlobalSection
	GlobalSection(SolutionProperties) = preSolution
		HideSolutionNode = FALSE
	EndGlobalSection
	GlobalSection(ExtensibilityGlobals) = postSolution
		SolutionGuid = {4994817E-5FA2-4DF5-8AB2-6841F4CB7FD0}
	EndGlobalSection
EndGlobal
